// !$*UTF8*$!
{
	archiveVersion = 1;
	classes = {
	};
	objectVersion = 56;
	objects = {

/* Begin PBXBuildFile section */
		FA8DC17D28F9F4E500157565 /* AppReducer.swift in Sources */ = {isa = PBXBuildFile; fileRef = FA8DC17C28F9F4E500157565 /* AppReducer.swift */; };
		FAF2A60C28F86BBA0004C82E /* architecture_demoApp.swift in Sources */ = {isa = PBXBuildFile; fileRef = FAF2A60B28F86BBA0004C82E /* architecture_demoApp.swift */; };
		FAF2A61028F86BBE0004C82E /* Assets.xcassets in Resources */ = {isa = PBXBuildFile; fileRef = FAF2A60F28F86BBE0004C82E /* Assets.xcassets */; };
		FAF2A61328F86BBE0004C82E /* Preview Assets.xcassets in Resources */ = {isa = PBXBuildFile; fileRef = FAF2A61228F86BBE0004C82E /* Preview Assets.xcassets */; };
		FAF2A61D28F86BED0004C82E /* FavouritePrimeView.swift in Sources */ = {isa = PBXBuildFile; fileRef = FAF2A61928F86BEC0004C82E /* FavouritePrimeView.swift */; };
		FAF2A61E28F86BED0004C82E /* AppState.swift in Sources */ = {isa = PBXBuildFile; fileRef = FAF2A61A28F86BEC0004C82E /* AppState.swift */; };
		FAF2A61F28F86BED0004C82E /* CounterView.swift in Sources */ = {isa = PBXBuildFile; fileRef = FAF2A61B28F86BEC0004C82E /* CounterView.swift */; };
		FAF2A62028F86BED0004C82E /* HomeView.swift in Sources */ = {isa = PBXBuildFile; fileRef = FAF2A61C28F86BED0004C82E /* HomeView.swift */; };
/* End PBXBuildFile section */

/* Begin PBXFileReference section */
		FA8DC17C28F9F4E500157565 /* AppReducer.swift */ = {isa = PBXFileReference; lastKnownFileType = sourcecode.swift; path = AppReducer.swift; sourceTree = "<group>"; };
		FAF2A60828F86BBA0004C82E /* architecture-demo.app */ = {isa = PBXFileReference; explicitFileType = wrapper.application; includeInIndex = 0; path = "architecture-demo.app"; sourceTree = BUILT_PRODUCTS_DIR; };
		FAF2A60B28F86BBA0004C82E /* architecture_demoApp.swift */ = {isa = PBXFileReference; lastKnownFileType = sourcecode.swift; path = architecture_demoApp.swift; sourceTree = "<group>"; };
		FAF2A60F28F86BBE0004C82E /* Assets.xcassets */ = {isa = PBXFileReference; lastKnownFileType = folder.assetcatalog; path = Assets.xcassets; sourceTree = "<group>"; };
		FAF2A61228F86BBE0004C82E /* Preview Assets.xcassets */ = {isa = PBXFileReference; lastKnownFileType = folder.assetcatalog; path = "Preview Assets.xcassets"; sourceTree = "<group>"; };
		FAF2A61928F86BEC0004C82E /* FavouritePrimeView.swift */ = {isa = PBXFileReference; fileEncoding = 4; lastKnownFileType = sourcecode.swift; path = FavouritePrimeView.swift; sourceTree = "<group>"; };
		FAF2A61A28F86BEC0004C82E /* AppState.swift */ = {isa = PBXFileReference; fileEncoding = 4; lastKnownFileType = sourcecode.swift; path = AppState.swift; sourceTree = "<group>"; };
		FAF2A61B28F86BEC0004C82E /* CounterView.swift */ = {isa = PBXFileReference; fileEncoding = 4; lastKnownFileType = sourcecode.swift; path = CounterView.swift; sourceTree = "<group>"; };
		FAF2A61C28F86BED0004C82E /* HomeView.swift */ = {isa = PBXFileReference; fileEncoding = 4; lastKnownFileType = sourcecode.swift; path = HomeView.swift; sourceTree = "<group>"; };
/* End PBXFileReference section */

/* Begin PBXFrameworksBuildPhase section */
		FAF2A60528F86BBA0004C82E /* Frameworks */ = {
			isa = PBXFrameworksBuildPhase;
			buildActionMask = 2147483647;
			files = (
			);
			runOnlyForDeploymentPostprocessing = 0;
		};
/* End PBXFrameworksBuildPhase section */

/* Begin PBXGroup section */
		FA8DC17E28F9F50000157565 /* View */ = {
			isa = PBXGroup;
			children = (
				FAF2A61B28F86BEC0004C82E /* CounterView.swift */,
				FAF2A61928F86BEC0004C82E /* FavouritePrimeView.swift */,
				FAF2A61C28F86BED0004C82E /* HomeView.swift */,
			);
			path = View;
			sourceTree = "<group>";
		};
		FA8DC17F28F9F50C00157565 /* Core */ = {
			isa = PBXGroup;
			children = (
				FAF2A61A28F86BEC0004C82E /* AppState.swift */,
				FA8DC17C28F9F4E500157565 /* AppReducer.swift */,
			);
			path = Core;
			sourceTree = "<group>";
		};
		FAF2A5FF28F86BBA0004C82E = {
			isa = PBXGroup;
			children = (
				FAF2A60A28F86BBA0004C82E /* architecture-demo */,
				FAF2A60928F86BBA0004C82E /* Products */,
			);
			sourceTree = "<group>";
		};
		FAF2A60928F86BBA0004C82E /* Products */ = {
			isa = PBXGroup;
			children = (
				FAF2A60828F86BBA0004C82E /* architecture-demo.app */,
			);
			name = Products;
			sourceTree = "<group>";
		};
		FAF2A60A28F86BBA0004C82E /* architecture-demo */ = {
			isa = PBXGroup;
			children = (
				FAF2A60B28F86BBA0004C82E /* architecture_demoApp.swift */,
				FA8DC17F28F9F50C00157565 /* Core */,
				FA8DC17E28F9F50000157565 /* View */,
				FAF2A60F28F86BBE0004C82E /* Assets.xcassets */,
				FAF2A61128F86BBE0004C82E /* Preview Content */,
			);
			path = "architecture-demo";
			sourceTree = "<group>";
		};
		FAF2A61128F86BBE0004C82E /* Preview Content */ = {
			isa = PBXGroup;
			children = (
				FAF2A61228F86BBE0004C82E /* Preview Assets.xcassets */,
			);
			path = "Preview Content";
			sourceTree = "<group>";
		};
/* End PBXGroup section */

/* Begin PBXNativeTarget section */
		FAF2A60728F86BBA0004C82E /* architecture-demo */ = {
			isa = PBXNativeTarget;
			buildConfigurationList = FAF2A61628F86BBE0004C82E /* Build configuration list for PBXNativeTarget "architecture-demo" */;
			buildPhases = (
				FAF2A60428F86BBA0004C82E /* Sources */,
				FAF2A60528F86BBA0004C82E /* Frameworks */,
				FAF2A60628F86BBA0004C82E /* Resources */,
			);
			buildRules = (
			);
			dependencies = (
			);
			name = "architecture-demo";
			productName = "architecture-demo";
			productReference = FAF2A60828F86BBA0004C82E /* architecture-demo.app */;
			productType = "com.apple.product-type.application";
		};
/* End PBXNativeTarget section */

/* Begin PBXProject section */
		FAF2A60028F86BBA0004C82E /* Project object */ = {
			isa = PBXProject;
			attributes = {
				BuildIndependentTargetsInParallel = 1;
				LastSwiftUpdateCheck = 1400;
				LastUpgradeCheck = 1400;
				TargetAttributes = {
					FAF2A60728F86BBA0004C82E = {
						CreatedOnToolsVersion = 14.0;
					};
				};
			};
			buildConfigurationList = FAF2A60328F86BBA0004C82E /* Build configuration list for PBXProject "architecture-demo" */;
			compatibilityVersion = "Xcode 14.0";
			developmentRegion = en;
			hasScannedForEncodings = 0;
			knownRegions = (
				en,
				Base,
			);
			mainGroup = FAF2A5FF28F86BBA0004C82E;
			productRefGroup = FAF2A60928F86BBA0004C82E /* Products */;
			projectDirPath = "";
			projectRoot = "";
			targets = (
				FAF2A60728F86BBA0004C82E /* architecture-demo */,
			);
		};
/* End PBXProject section */

/* Begin PBXResourcesBuildPhase section */
		FAF2A60628F86BBA0004C82E /* Resources */ = {
			isa = PBXResourcesBuildPhase;
			buildActionMask = 2147483647;
			files = (
				FAF2A61328F86BBE0004C82E /* Preview Assets.xcassets in Resources */,
				FAF2A61028F86BBE0004C82E /* Assets.xcassets in Resources */,
			);
			runOnlyForDeploymentPostprocessing = 0;
		};
/* End PBXResourcesBuildPhase section */

/* Begin PBXSourcesBuildPhase section */
		FAF2A60428F86BBA0004C82E /* Sources */ = {
			isa = PBXSourcesBuildPhase;
			buildActionMask = 2147483647;
			files = (
				FA8DC17D28F9F4E500157565 /* AppReducer.swift in Sources */,
				FAF2A61E28F86BED0004C82E /* AppState.swift in Sources */,
				FAF2A61D28F86BED0004C82E /* FavouritePrimeView.swift in Sources */,
				FAF2A60C28F86BBA0004C82E /* architecture_demoApp.swift in Sources */,
				FAF2A62028F86BED0004C82E /* HomeView.swift in Sources */,
				FAF2A61F28F86BED0004C82E /* CounterView.swift in Sources */,
			);
			runOnlyForDeploymentPostprocessing = 0;
		};
/* End PBXSourcesBuildPhase section */

/* Begin XCBuildConfiguration section */
		FAF2A61428F86BBE0004C82E /* Debug */ = {
			isa = XCBuildConfiguration;
			buildSettings = {
				ALWAYS_SEARCH_USER_PATHS = NO;
				CLANG_ANALYZER_NONNULL = YES;
				CLANG_ANALYZER_NUMBER_OBJECT_CONVERSION = YES_AGGRESSIVE;
				CLANG_CXX_LANGUAGE_STANDARD = "gnu++20";
				CLANG_ENABLE_MODULES = YES;
				CLANG_ENABLE_OBJC_ARC = YES;
				CLANG_ENABLE_OBJC_WEAK = YES;
				CLANG_WARN_BLOCK_CAPTURE_AUTORELEASING = YES;
				CLANG_WARN_BOOL_CONVERSION = YES;
				CLANG_WARN_COMMA = YES;
				CLANG_WARN_CONSTANT_CONVERSION = YES;
				CLANG_WARN_DEPRECATED_OBJC_IMPLEMENTATIONS = YES;
				CLANG_WARN_DIRECT_OBJC_ISA_USAGE = YES_ERROR;
				CLANG_WARN_DOCUMENTATION_COMMENTS = YES;
				CLANG_WARN_EMPTY_BODY = YES;
				CLANG_WARN_ENUM_CONVERSION = YES;
				CLANG_WARN_INFINITE_RECURSION = YES;
				CLANG_WARN_INT_CONVERSION = YES;
				CLANG_WARN_NON_LITERAL_NULL_CONVERSION = YES;
				CLANG_WARN_OBJC_IMPLICIT_RETAIN_SELF = YES;
				CLANG_WARN_OBJC_LITERAL_CONVERSION = YES;
				CLANG_WARN_OBJC_ROOT_CLASS = YES_ERROR;
				CLANG_WARN_QUOTED_INCLUDE_IN_FRAMEWORK_HEADER = YES;
				CLANG_WARN_RANGE_LOOP_ANALYSIS = YES;
				CLANG_WARN_STRICT_PROTOTYPES = YES;
				CLANG_WARN_SUSPICIOUS_MOVE = YES;
				CLANG_WARN_UNGUARDED_AVAILABILITY = YES_AGGRESSIVE;
				CLANG_WARN_UNREACHABLE_CODE = YES;
				CLANG_WARN__DUPLICATE_METHOD_MATCH = YES;
				COPY_PHASE_STRIP = NO;
				DEBUG_INFORMATION_FORMAT = dwarf;
				ENABLE_STRICT_OBJC_MSGSEND = YES;
				ENABLE_TESTABILITY = YES;
				GCC_C_LANGUAGE_STANDARD = gnu11;
				GCC_DYNAMIC_NO_PIC = NO;
				GCC_NO_COMMON_BLOCKS = YES;
				GCC_OPTIMIZATION_LEVEL = 0;
				GCC_PREPROCESSOR_DEFINITIONS = (
					"DEBUG=1",
					"$(inherited)",
				);
				GCC_WARN_64_TO_32_BIT_CONVERSION = YES;
				GCC_WARN_ABOUT_RETURN_TYPE = YES_ERROR;
				GCC_WARN_UNDECLARED_SELECTOR = YES;
				GCC_WARN_UNINITIALIZED_AUTOS = YES_AGGRESSIVE;
				GCC_WARN_UNUSED_FUNCTION = YES;
				GCC_WARN_UNUSED_VARIABLE = YES;
				IPHONEOS_DEPLOYMENT_TARGET = 16.0;
				MTL_ENABLE_DEBUG_INFO = INCLUDE_SOURCE;
				MTL_FAST_MATH = YES;
				ONLY_ACTIVE_ARCH = YES;
				SDKROOT = iphoneos;
				SWIFT_ACTIVE_COMPILATION_CONDITIONS = DEBUG;
				SWIFT_OPTIMIZATION_LEVEL = "-Onone";
			};
			name = Debug;
		};
		FAF2A61528F86BBE0004C82E /* Release */ = {
			isa = XCBuildConfiguration;
			buildSettings = {
				ALWAYS_SEARCH_USER_PATHS = NO;
				CLANG_ANALYZER_NONNULL = YES;
				CLANG_ANALYZER_NUMBER_OBJECT_CONVERSION = YES_AGGRESSIVE;
				CLANG_CXX_LANGUAGE_STANDARD = "gnu++20";
				CLANG_ENABLE_MODULES = YES;
				CLANG_ENABLE_OBJC_ARC = YES;
				CLANG_ENABLE_OBJC_WEAK = YES;
				CLANG_WARN_BLOCK_CAPTURE_AUTORELEASING = YES;
				CLANG_WARN_BOOL_CONVERSION = YES;
				CLANG_WARN_COMMA = YES;
				CLANG_WARN_CONSTANT_CONVERSION = YES;
				CLANG_WARN_DEPRECATED_OBJC_IMPLEMENTATIONS = YES;
				CLANG_WARN_DIRECT_OBJC_ISA_USAGE = YES_ERROR;
				CLANG_WARN_DOCUMENTATION_COMMENTS = YES;
				CLANG_WARN_EMPTY_BODY = YES;
				CLANG_WARN_ENUM_CONVERSION = YES;
				CLANG_WARN_INFINITE_RECURSION = YES;
				CLANG_WARN_INT_CONVERSION = YES;
				CLANG_WARN_NON_LITERAL_NULL_CONVERSION = YES;
				CLANG_WARN_OBJC_IMPLICIT_RETAIN_SELF = YES;
				CLANG_WARN_OBJC_LITERAL_CONVERSION = YES;
				CLANG_WARN_OBJC_ROOT_CLASS = YES_ERROR;
				CLANG_WARN_QUOTED_INCLUDE_IN_FRAMEWORK_HEADER = YES;
				CLANG_WARN_RANGE_LOOP_ANALYSIS = YES;
				CLANG_WARN_STRICT_PROTOTYPES = YES;
				CLANG_WARN_SUSPICIOUS_MOVE = YES;
				CLANG_WARN_UNGUARDED_AVAILABILITY = YES_AGGRESSIVE;
				CLANG_WARN_UNREACHABLE_CODE = YES;
				CLANG_WARN__DUPLICATE_METHOD_MATCH = YES;
				COPY_PHASE_STRIP = NO;
				DEBUG_INFORMATION_FORMAT = "dwarf-with-dsym";
				ENABLE_NS_ASSERTIONS = NO;
				ENABLE_STRICT_OBJC_MSGSEND = YES;
				GCC_C_LANGUAGE_STANDARD = gnu11;
				GCC_NO_COMMON_BLOCKS = YES;
				GCC_WARN_64_TO_32_BIT_CONVERSION = YES;
				GCC_WARN_ABOUT_RETURN_TYPE = YES_ERROR;
				GCC_WARN_UNDECLARED_SELECTOR = YES;
				GCC_WARN_UNINITIALIZED_AUTOS = YES_AGGRESSIVE;
				GCC_WARN_UNUSED_FUNCTION = YES;
				GCC_WARN_UNUSED_VARIABLE = YES;
				IPHONEOS_DEPLOYMENT_TARGET = 16.0;
				MTL_ENABLE_DEBUG_INFO = NO;
				MTL_FAST_MATH = YES;
				SDKROOT = iphoneos;
				SWIFT_COMPILATION_MODE = wholemodule;
				SWIFT_OPTIMIZATION_LEVEL = "-O";
				VALIDATE_PRODUCT = YES;
			};
			name = Release;
		};
		FAF2A61728F86BBE0004C82E /* Debug */ = {
			isa = XCBuildConfiguration;
			buildSettings = {
				ASSETCATALOG_COMPILER_APPICON_NAME = AppIcon;
				ASSETCATALOG_COMPILER_GLOBAL_ACCENT_COLOR_NAME = AccentColor;
				CODE_SIGN_STYLE = Automatic;
				CURRENT_PROJECT_VERSION = 1;
				DEVELOPMENT_ASSET_PATHS = "\"architecture-demo/Preview Content\"";
				ENABLE_PREVIEWS = YES;
				GENERATE_INFOPLIST_FILE = YES;
				INFOPLIST_KEY_UIApplicationSceneManifest_Generation = YES;
				INFOPLIST_KEY_UIApplicationSupportsIndirectInputEvents = YES;
				INFOPLIST_KEY_UILaunchScreen_Generation = YES;
				INFOPLIST_KEY_UISupportedInterfaceOrientations_iPad = "UIInterfaceOrientationPortrait UIInterfaceOrientationPortraitUpsideDown UIInterfaceOrientationLandscapeLeft UIInterfaceOrientationLandscapeRight";
				INFOPLIST_KEY_UISupportedInterfaceOrientations_iPhone = "UIInterfaceOrientationPortrait UIInterfaceOrientationLandscapeLeft UIInterfaceOrientationLandscapeRight";
				LD_RUNPATH_SEARCH_PATHS = (
					"$(inherited)",
					"@executable_path/Frameworks",
				);
				MARKETING_VERSION = 1.0;
				PRODUCT_BUNDLE_IDENTIFIER = "com.architecture-demo.architecture-demo";
				PRODUCT_NAME = "$(TARGET_NAME)";
				SWIFT_EMIT_LOC_STRINGS = YES;
				SWIFT_VERSION = 5.0;
				TARGETED_DEVICE_FAMILY = "1,2";
			};
			name = Debug;
		};
		FAF2A61828F86BBE0004C82E /* Release */ = {
			isa = XCBuildConfiguration;
			buildSettings = {
				ASSETCATALOG_COMPILER_APPICON_NAME = AppIcon;
				ASSETCATALOG_COMPILER_GLOBAL_ACCENT_COLOR_NAME = AccentColor;
				CODE_SIGN_STYLE = Automatic;
				CURRENT_PROJECT_VERSION = 1;
				DEVELOPMENT_ASSET_PATHS = "\"architecture-demo/Preview Content\"";
				ENABLE_PREVIEWS = YES;
				GENERATE_INFOPLIST_FILE = YES;
				INFOPLIST_KEY_UIApplicationSceneManifest_Generation = YES;
				INFOPLIST_KEY_UIApplicationSupportsIndirectInputEvents = YES;
				INFOPLIST_KEY_UILaunchScreen_Generation = YES;
				INFOPLIST_KEY_UISupportedInterfaceOrientations_iPad = "UIInterfaceOrientationPortrait UIInterfaceOrientationPortraitUpsideDown UIInterfaceOrientationLandscapeLeft UIInterfaceOrientationLandscapeRight";
				INFOPLIST_KEY_UISupportedInterfaceOrientations_iPhone = "UIInterfaceOrientationPortrait UIInterfaceOrientationLandscapeLeft UIInterfaceOrientationLandscapeRight";
				LD_RUNPATH_SEARCH_PATHS = (
					"$(inherited)",
					"@executable_path/Frameworks",
				);
				MARKETING_VERSION = 1.0;
				PRODUCT_BUNDLE_IDENTIFIER = "com.architecture-demo.architecture-demo";
				PRODUCT_NAME = "$(TARGET_NAME)";
				SWIFT_EMIT_LOC_STRINGS = YES;
				SWIFT_VERSION = 5.0;
				TARGETED_DEVICE_FAMILY = "1,2";
			};
			name = Release;
		};
/* End XCBuildConfiguration section */

/* Begin XCConfigurationList section */
		FAF2A60328F86BBA0004C82E /* Build configuration list for PBXProject "architecture-demo" */ = {
			isa = XCConfigurationList;
			buildConfigurations = (
				FAF2A61428F86BBE0004C82E /* Debug */,
				FAF2A61528F86BBE0004C82E /* Release */,
			);
			defaultConfigurationIsVisible = 0;
			defaultConfigurationName = Release;
		};
		FAF2A61628F86BBE0004C82E /* Build configuration list for PBXNativeTarget "architecture-demo" */ = {
			isa = XCConfigurationList;
			buildConfigurations = (
				FAF2A61728F86BBE0004C82E /* Debug */,
				FAF2A61828F86BBE0004C82E /* Release */,
			);
			defaultConfigurationIsVisible = 0;
			defaultConfigurationName = Release;
		};
/* End XCConfigurationList section */
	};
	rootObject = FAF2A60028F86BBA0004C82E /* Project object */;
}
